
Microsoft Visual Studio Solution File, Format Version 12.00
Project("{FAE04EC0-301F-11D3-BF4B-00C04F79EFBC}") = "Randy", "Randy\Randy.csproj", "{763FB78F-11BF-42B3-A54A-CB17FCCE02B8}"
EndProject
Project("{FAE04EC0-301F-11D3-BF4B-00C04F79EFBC}") = "RandyConsole", "RandyConsole\RandyConsole.csproj", "{196E25B4-B72B-4849-B6E3-3DCACC7FD24A}"
EndProject
Global
	GlobalSection(SolutionConfigurationPlatforms) = preSolution
		Debug|Any CPU = Debug|Any CPU
		Release|Any CPU = Release|Any CPU
	EndGlobalSection
	GlobalSection(ProjectConfigurationPlatforms) = postSolution
		{763FB78F-11BF-42B3-A54A-CB17FCCE02B8}.Debug|Any CPU.ActiveCfg = Debug|Any CPU
		{763FB78F-11BF-42B3-A54A-CB17FCCE02B8}.Debug|Any CPU.Build.0 = Debug|Any CPU
		{763FB78F-11BF-42B3-A54A-CB17FCCE02B8}.Release|Any CPU.ActiveCfg = Release|Any CPU
		{763FB78F-11BF-42B3-A54A-CB17FCCE02B8}.Release|Any CPU.Build.0 = Release|Any CPU
		{196E25B4-B72B-4849-B6E3-3DCACC7FD24A}.Debug|Any CPU.ActiveCfg = Debug|Any CPU
		{196E25B4-B72B-4849-B6E3-3DCACC7FD24A}.Debug|Any CPU.Build.0 = Debug|Any CPU
		{196E25B4-B72B-4849-B6E3-3DCACC7FD24A}.Release|Any CPU.ActiveCfg = Release|Any CPU
		{196E25B4-B72B-4849-B6E3-3DCACC7FD24A}.Release|Any CPU.Build.0 = Release|Any CPU
	EndGlobalSection
EndGlobal
